
Microsoft Visual Studio Solution File, Format Version 12.00
# Visual Studio Version 16
VisualStudioVersion = 16.0.29519.87
MinimumVisualStudioVersion = 10.0.40219.1
Project("{8BC9CEB8-8B4A-11D0-8D11-00A0C91BC942}") = "pubg skill", "pubg skill\pubg skill.vcxproj", "{5F6D51A6-B4B0-4277-B260-89D47FEA017A}"
EndProject
Global
	GlobalSection(SolutionConfigurationPlatforms) = preSolution
		Debug|x64 = Debug|x64
		Debug|x86 = Debug|x86
		Release|x64 = Release|x64
		Release|x86 = Release|x86
	EndGlobalSection
	GlobalSection(ProjectConfigurationPlatforms) = postSolution
		{5F6D51A6-B4B0-4277-B260-89D47FEA017A}.Debug|x64.ActiveCfg = Debug|x64
		{5F6D51A6-B4B0-4277-B260-89D47FEA017A}.Debug|x64.Build.0 = Debug|x64
		{5F6D51A6-B4B0-4277-B260-89D47FEA017A}.Debug|x86.ActiveCfg = Debug|Win32
		{5F6D51A6-B4B0-4277-B260-89D47FEA017A}.Debug|x86.Build.0 = Debug|Win32
		{5F6D51A6-B4B0-4277-B260-89D47FEA017A}.Release|x64.ActiveCfg = Release|x64
		{5F6D51A6-B4B0-4277-B260-89D47FEA017A}.Release|x64.Build.0 = Release|x64
		{5F6D51A6-B4B0-4277-B260-89D47FEA017A}.Release|x86.ActiveCfg = Release|Win32
		{5F6D51A6-B4B0-4277-B260-89D47FEA017A}.Release|x86.Build.0 = Release|Win32
	EndGlobalSection
	GlobalSection(SolutionProperties) = preSolution
		HideSolutionNode = FALSE
	EndGlobalSection
	GlobalSection(ExtensibilityGlobals) = postSolution
		SolutionGuid = {2A0AB94C-7709-457F-A987-0A3FEA1CDC20}
	EndGlobalSection
EndGlobal
